{
  "name": "gio-web",
  "version": "1.0.0",
  "lockfileVersion": 1,
  "requires": true,
  "dependencies": {
    "argparse": {
      "version": "1.0.10",
      "resolved": "https://registry.npmjs.org/argparse/-/argparse-1.0.10.tgz",
      "integrity": "sha512-o5Roy6tNG4SL/FOkCAN6RzjiakZS25RLYFrcMttJqbdd8BWrnA+fGz57iN5Pb06pvBGvl5gQ0B48dJlslXvoTg==",
      "requires": {
        "sprintf-js": "1.0.3"
      }
    },
    "declare": {
      "version": "git+https://github.com/monstercat/declare.git#6abb264b9ccf78720ef9ce7a9860fc4e596da592"
    },
    "sprintf-js": {
      "version": "1.0.3",
      "resolved": "https://registry.npmjs.org/sprintf-js/-/sprintf-js-1.0.3.tgz",
      "integrity": "sha1-BOaSb2YolTVPPdAVIDYzuFcpfiw="
    },
    "web-build": {
      "version": "git+https://github.com/monstercat/web-build.git#07549ba9ce273c8ffc52efaf7362502f21e5c641",
      "requires": {
        "argparse": "1.0.10"
      }
    }
  }
}
